{
  "name": "class-transformer-324",
  "version": "1.0.0",
  "lockfileVersion": 1,
  "requires": true,
  "dependencies": {
    "@types/validator": {
      "version": "10.11.3",
      "resolved": "https://registry.npmjs.org/@types/validator/-/validator-10.11.3.tgz",
      "integrity": "sha512-GKF2VnEkMmEeEGvoo03ocrP9ySMuX1ypKazIYMlsjfslfBMhOAtC5dmEWKdJioW4lJN7MZRS88kalTsVClyQ9w=="
    },
    "class-transformer": {
      "version": "0.3.1",
      "resolved": "https://registry.npmjs.org/class-transformer/-/class-transformer-0.3.1.tgz",
      "integrity": "sha512-cKFwohpJbuMovS8xVLmn8N2AUbAuc8pVo4zEfsUVo8qgECOogns1WVk/FkOZoxhOPTyTYFckuoH+13FO+MQ8GA=="
    },
    "class-validator": {
      "version": "0.11.0",
      "resolved": "https://registry.npmjs.org/class-validator/-/class-validator-0.11.0.tgz",
      "integrity": "sha512-niAmmSPFku9xsnpYYrddy8NZRrCX3yyoZ/rgPKOilE5BG0Ma1eVCIxpR4X0LasL/6BzbYzsutG+mSbAXlh4zNw==",
      "requires": {
        "@types/validator": "10.11.3",
        "google-libphonenumber": "^3.1.6",
        "validator": "12.0.0"
      }
    },
    "google-libphonenumber": {
      "version": "3.2.6",
      "resolved": "https://registry.npmjs.org/google-libphonenumber/-/google-libphonenumber-3.2.6.tgz",
      "integrity": "sha512-6QCQAaKJlSd/1dUqvdQf7zzfb3uiZHsG8yhCfOdCVRfMuPZ/VDIEB47y5SYwjPQJPs7ebfW5jj6PeobB9JJ4JA=="
    },
    "reflect-metadata": {
      "version": "0.1.13",
      "resolved": "https://registry.npmjs.org/reflect-metadata/-/reflect-metadata-0.1.13.tgz",
      "integrity": "sha512-Ts1Y/anZELhSsjMcU605fU9RE4Oi3p5ORujwbIKXfWa+0Zxs510Qrmrce5/Jowq3cHSZSJqBjypxmHarc+vEWg=="
    },
    "typescript": {
      "version": "3.4.5",
      "resolved": "https://registry.npmjs.org/typescript/-/typescript-3.4.5.tgz",
      "integrity": "sha512-YycBxUb49UUhdNMU5aJ7z5Ej2XGmaIBL0x34vZ82fn3hGvD+bgrMrVDpatgz2f7YxUMJxMkbWxJZeAvDxVe7Vw==",
      "dev": true
    },
    "validator": {
      "version": "12.0.0",
      "resolved": "https://registry.npmjs.org/validator/-/validator-12.0.0.tgz",
      "integrity": "sha512-r5zA1cQBEOgYlesRmSEwc9LkbfNLTtji+vWyaHzRZUxCTHdsX3bd+sdHfs5tGZ2W6ILGGsxWxCNwT/h3IY/3ng=="
    }
  }
}
